
Microsoft Visual Studio Solution File, Format Version 12.00
# Visual Studio Version 17
VisualStudioVersion = 17.3.32901.215
MinimumVisualStudioVersion = 10.0.40219.1
Project("{FAE04EC0-301F-11D3-BF4B-00C04F79EFBC}") = "mevsimler", "mevsimler\mevsimler.csproj", "{61AC7CE1-3C9B-4AB6-BCAD-839F65F7EC8B}"
EndProject
Global
	GlobalSection(SolutionConfigurationPlatforms) = preSolution
		Debug|Any CPU = Debug|Any CPU
		Release|Any CPU = Release|Any CPU
	EndGlobalSection
	GlobalSection(ProjectConfigurationPlatforms) = postSolution
		{61AC7CE1-3C9B-4AB6-BCAD-839F65F7EC8B}.Debug|Any CPU.ActiveCfg = Debug|Any CPU
		{61AC7CE1-3C9B-4AB6-BCAD-839F65F7EC8B}.Debug|Any CPU.Build.0 = Debug|Any CPU
		{61AC7CE1-3C9B-4AB6-BCAD-839F65F7EC8B}.Release|Any CPU.ActiveCfg = Release|Any CPU
		{61AC7CE1-3C9B-4AB6-BCAD-839F65F7EC8B}.Release|Any CPU.Build.0 = Release|Any CPU
	EndGlobalSection
	GlobalSection(SolutionProperties) = preSolution
		HideSolutionNode = FALSE
	EndGlobalSection
	GlobalSection(ExtensibilityGlobals) = postSolution
		SolutionGuid = {D568B452-45EB-4A9A-84E2-BB4D07017846}
	EndGlobalSection
EndGlobal
